{
  "name": "finanzplaner",
  "version": "1.0.0",
  "lockfileVersion": 1,
  "requires": true,
  "dependencies": {
    "cordova-plugin-camera": {
      "version": "4.0.3",
      "resolved": "https://registry.npmjs.org/cordova-plugin-camera/-/cordova-plugin-camera-4.0.3.tgz",
      "integrity": "sha1-c3Olk4MYyGzP2E43E+I4LRD+B2s="
    },
    "cordova-plugin-file-transfer": {
      "version": "1.7.1",
      "resolved": "https://registry.npmjs.org/cordova-plugin-file-transfer/-/cordova-plugin-file-transfer-1.7.1.tgz",
      "integrity": "sha1-p12L4uvDu5sjxbG70ZkhTsJnWGs="
    }
  }
}
